{
    "requires": true,
    "lockfileVersion": 1,
    "dependencies": {
        "zebra_datepicker": {
            "version": "1.9.18",
            "resolved": "https://registry.npmjs.org/zebra_datepicker/-/zebra_datepicker-1.9.18.tgz",
            "integrity": "sha512-KAN6rRgQJPWO/4zRth78PoVLCL2hPgjoP9kyvftlwQ8RWJOphQq/5a8spurcCkIfom9FwSFzf8YH9naJyuXv4g=="
        }
    }
}
